
Microsoft Visual Studio Solution File, Format Version 12.00
# Visual Studio Version 17
VisualStudioVersion = 17.7.34221.43
MinimumVisualStudioVersion = 10.0.40219.1
Project("{FAE04EC0-301F-11D3-BF4B-00C04F79EFBC}") = "EntityframeworkDemo", "EntityframeworkDemo\EntityframeworkDemo.csproj", "{9B2BEA45-6C8C-44C0-BE3F-4FF520AEBE7C}"
EndProject
Project("{FAE04EC0-301F-11D3-BF4B-00C04F79EFBC}") = "DatabaseFirstLibrary", "DatabaseFirstLibrary\DatabaseFirstLibrary.csproj", "{9E7EFA0F-35BA-4639-B540-47E312232255}"
EndProject
Global
	GlobalSection(SolutionConfigurationPlatforms) = preSolution
		Debug|Any CPU = Debug|Any CPU
		Release|Any CPU = Release|Any CPU
	EndGlobalSection
	GlobalSection(ProjectConfigurationPlatforms) = postSolution
		{9B2BEA45-6C8C-44C0-BE3F-4FF520AEBE7C}.Debug|Any CPU.ActiveCfg = Debug|Any CPU
		{9B2BEA45-6C8C-44C0-BE3F-4FF520AEBE7C}.Debug|Any CPU.Build.0 = Debug|Any CPU
		{9B2BEA45-6C8C-44C0-BE3F-4FF520AEBE7C}.Release|Any CPU.ActiveCfg = Release|Any CPU
		{9B2BEA45-6C8C-44C0-BE3F-4FF520AEBE7C}.Release|Any CPU.Build.0 = Release|Any CPU
		{9E7EFA0F-35BA-4639-B540-47E312232255}.Debug|Any CPU.ActiveCfg = Debug|Any CPU
		{9E7EFA0F-35BA-4639-B540-47E312232255}.Debug|Any CPU.Build.0 = Debug|Any CPU
		{9E7EFA0F-35BA-4639-B540-47E312232255}.Release|Any CPU.ActiveCfg = Release|Any CPU
		{9E7EFA0F-35BA-4639-B540-47E312232255}.Release|Any CPU.Build.0 = Release|Any CPU
	EndGlobalSection
	GlobalSection(SolutionProperties) = preSolution
		HideSolutionNode = FALSE
	EndGlobalSection
	GlobalSection(ExtensibilityGlobals) = postSolution
		SolutionGuid = {2562ECFE-AD54-4759-A551-CF5EC9912B34}
	EndGlobalSection
EndGlobal
